// !$*UTF8*$!
{
	archiveVersion = 1;
	classes = {
	};
	objectVersion = 50;
	objects = {

/* Begin PBXBuildFile section */
		86517D47216CFCD500755E6B /* AppDelegate.swift in Sources */ = {isa = PBXBuildFile; fileRef = 86517D46216CFCD500755E6B /* AppDelegate.swift */; };
		86517D49216CFCD500755E6B /* ViewController.swift in Sources */ = {isa = PBXBuildFile; fileRef = 86517D48216CFCD500755E6B /* ViewController.swift */; };
		86517D4C216CFCD500755E6B /* Main.storyboard in Resources */ = {isa = PBXBuildFile; fileRef = 86517D4A216CFCD500755E6B /* Main.storyboard */; };
		86517D4E216CFCD700755E6B /* Assets.xcassets in Resources */ = {isa = PBXBuildFile; fileRef = 86517D4D216CFCD700755E6B /* Assets.xcassets */; };
		86517D51216CFCD700755E6B /* LaunchScreen.storyboard in Resources */ = {isa = PBXBuildFile; fileRef = 86517D4F216CFCD700755E6B /* LaunchScreen.storyboard */; };
		86517D5B216F9AC100755E6B /* selectdiffriculty.viewcontroller.swift in Sources */ = {isa = PBXBuildFile; fileRef = 86517D5A216F9AC100755E6B /* selectdiffriculty.viewcontroller.swift */; };
		86517D5D2174008300755E6B /* customViewController.swift in Sources */ = {isa = PBXBuildFile; fileRef = 86517D5C2174008300755E6B /* customViewController.swift */; };
/* End PBXBuildFile section */

/* Begin PBXFileReference section */
		86517D43216CFCD500755E6B /* guessingGameIOS.app */ = {isa = PBXFileReference; explicitFileType = wrapper.application; includeInIndex = 0; path = guessingGameIOS.app; sourceTree = BUILT_PRODUCTS_DIR; };
		86517D46216CFCD500755E6B /* AppDelegate.swift */ = {isa = PBXFileReference; lastKnownFileType = sourcecode.swift; path = AppDelegate.swift; sourceTree = "<group>"; };
		86517D48216CFCD500755E6B /* ViewController.swift */ = {isa = PBXFileReference; lastKnownFileType = sourcecode.swift; path = ViewController.swift; sourceTree = "<group>"; };
		86517D4B216CFCD500755E6B /* Base */ = {isa = PBXFileReference; lastKnownFileType = file.storyboard; name = Base; path = Base.lproj/Main.storyboard; sourceTree = "<group>"; };
		86517D4D216CFCD700755E6B /* Assets.xcassets */ = {isa = PBXFileReference; lastKnownFileType = folder.assetcatalog; path = Assets.xcassets; sourceTree = "<group>"; };
		86517D50216CFCD700755E6B /* Base */ = {isa = PBXFileReference; lastKnownFileType = file.storyboard; name = Base; path = Base.lproj/LaunchScreen.storyboard; sourceTree = "<group>"; };
		86517D52216CFCD700755E6B /* Info.plist */ = {isa = PBXFileReference; lastKnownFileType = text.plist.xml; path = Info.plist; sourceTree = "<group>"; };
		86517D5A216F9AC100755E6B /* selectdiffriculty.viewcontroller.swift */ = {isa = PBXFileReference; lastKnownFileType = sourcecode.swift; path = selectdiffriculty.viewcontroller.swift; sourceTree = "<group>"; };
		86517D5C2174008300755E6B /* customViewController.swift */ = {isa = PBXFileReference; lastKnownFileType = sourcecode.swift; path = customViewController.swift; sourceTree = "<group>"; };
/* End PBXFileReference section */

/* Begin PBXFrameworksBuildPhase section */
		86517D40216CFCD500755E6B /* Frameworks */ = {
			isa = PBXFrameworksBuildPhase;
			buildActionMask = 2147483647;
			files = (
			);
			runOnlyForDeploymentPostprocessing = 0;
		};
/* End PBXFrameworksBuildPhase section */

/* Begin PBXGroup section */
		86517D3A216CFCD500755E6B = {
			isa = PBXGroup;
			children = (
				86517D45216CFCD500755E6B /* guessingGameIOS */,
				86517D44216CFCD500755E6B /* Products */,
			);
			sourceTree = "<group>";
		};
		86517D44216CFCD500755E6B /* Products */ = {
			isa = PBXGroup;
			children = (
				86517D43216CFCD500755E6B /* guessingGameIOS.app */,
			);
			name = Products;
			sourceTree = "<group>";
		};
		86517D45216CFCD500755E6B /* guessingGameIOS */ = {
			isa = PBXGroup;
			children = (
				86517D46216CFCD500755E6B /* AppDelegate.swift */,
				86517D5C2174008300755E6B /* customViewController.swift */,
				86517D5A216F9AC100755E6B /* selectdiffriculty.viewcontroller.swift */,
				86517D48216CFCD500755E6B /* ViewController.swift */,
				86517D4A216CFCD500755E6B /* Main.storyboard */,
				86517D4D216CFCD700755E6B /* Assets.xcassets */,
				86517D4F216CFCD700755E6B /* LaunchScreen.storyboard */,
				86517D52216CFCD700755E6B /* Info.plist */,
			);
			path = guessingGameIOS;
			sourceTree = "<group>";
		};
/* End PBXGroup section */

/* Begin PBXNativeTarget section */
		86517D42216CFCD500755E6B /* guessingGameIOS */ = {
			isa = PBXNativeTarget;
			buildConfigurationList = 86517D55216CFCD700755E6B /* Build configuration list for PBXNativeTarget "guessingGameIOS" */;
			buildPhases = (
				86517D3F216CFCD500755E6B /* Sources */,
				86517D40216CFCD500755E6B /* Frameworks */,
				86517D41216CFCD500755E6B /* Resources */,
			);
			buildRules = (
			);
			dependencies = (
			);
			name = guessingGameIOS;
			productName = guessingGameIOS;
			productReference = 86517D43216CFCD500755E6B /* guessingGameIOS.app */;
			productType = "com.apple.product-type.application";
		};
/* End PBXNativeTarget section */

/* Begin PBXProject section */
		86517D3B216CFCD500755E6B /* Project object */ = {
			isa = PBXProject;
			attributes = {
				LastSwiftUpdateCheck = 1000;
				LastUpgradeCheck = 1000;
				ORGANIZATIONNAME = "Jacob Tassinari";
				TargetAttributes = {
					86517D42216CFCD500755E6B = {
						CreatedOnToolsVersion = 10.0;
					};
				};
			};
			buildConfigurationList = 86517D3E216CFCD500755E6B /* Build configuration list for PBXProject "guessingGameIOS" */;
			compatibilityVersion = "Xcode 9.3";
			developmentRegion = en;
			hasScannedForEncodings = 0;
			knownRegions = (
				en,
				Base,
			);
			mainGroup = 86517D3A216CFCD500755E6B;
			productRefGroup = 86517D44216CFCD500755E6B /* Products */;
			projectDirPath = "";
			projectRoot = "";
			targets = (
				86517D42216CFCD500755E6B /* guessingGameIOS */,
			);
		};
/* End PBXProject section */

/* Begin PBXResourcesBuildPhase section */
		86517D41216CFCD500755E6B /* Resources */ = {
			isa = PBXResourcesBuildPhase;
			buildActionMask = 2147483647;
			files = (
				86517D51216CFCD700755E6B /* LaunchScreen.storyboard in Resources */,
				86517D4E216CFCD700755E6B /* Assets.xcassets in Resources */,
				86517D4C216CFCD500755E6B /* Main.storyboard in Resources */,
			);
			runOnlyForDeploymentPostprocessing = 0;
		};
/* End PBXResourcesBuildPhase section */

/* Begin PBXSourcesBuildPhase section */
		86517D3F216CFCD500755E6B /* Sources */ = {
			isa = PBXSourcesBuildPhase;
			buildActionMask = 2147483647;
			files = (
				86517D5B216F9AC100755E6B /* selectdiffriculty.viewcontroller.swift in Sources */,
				86517D49216CFCD500755E6B /* ViewController.swift in Sources */,
				86517D47216CFCD500755E6B /* AppDelegate.swift in Sources */,
				86517D5D2174008300755E6B /* customViewController.swift in Sources */,
			);
			runOnlyForDeploymentPostprocessing = 0;
		};
/* End PBXSourcesBuildPhase section */

/* Begin PBXVariantGroup section */
		86517D4A216CFCD500755E6B /* Main.storyboard */ = {
			isa = PBXVariantGroup;
			children = (
				86517D4B216CFCD500755E6B /* Base */,
			);
			name = Main.storyboard;
			sourceTree = "<group>";
		};
		86517D4F216CFCD700755E6B /* LaunchScreen.storyboard */ = {
			isa = PBXVariantGroup;
			children = (
				86517D50216CFCD700755E6B /* Base */,
			);
			name = LaunchScreen.storyboard;
			sourceTree = "<group>";
		};
/* End PBXVariantGroup section */

/* Begin XCBuildConfiguration section */
		86517D53216CFCD700755E6B /* Debug */ = {
			isa = XCBuildConfiguration;
			buildSettings = {
				ALWAYS_SEARCH_USER_PATHS = NO;
				CLANG_ANALYZER_NONNULL = YES;
				CLANG_ANALYZER_NUMBER_OBJECT_CONVERSION = YES_AGGRESSIVE;
				CLANG_CXX_LANGUAGE_STANDARD = "gnu++14";
				CLANG_CXX_LIBRARY = "libc++";
				CLANG_ENABLE_MODULES = YES;
				CLANG_ENABLE_OBJC_ARC = YES;
				CLANG_ENABLE_OBJC_WEAK = YES;
				CLANG_WARN_BLOCK_CAPTURE_AUTORELEASING = YES;
				CLANG_WARN_BOOL_CONVERSION = YES;
				CLANG_WARN_COMMA = YES;
				CLANG_WARN_CONSTANT_CONVERSION = YES;
				CLANG_WARN_DEPRECATED_OBJC_IMPLEMENTATIONS = YES;
				CLANG_WARN_DIRECT_OBJC_ISA_USAGE = YES_ERROR;
				CLANG_WARN_DOCUMENTATION_COMMENTS = YES;
				CLANG_WARN_EMPTY_BODY = YES;
				CLANG_WARN_ENUM_CONVERSION = YES;
				CLANG_WARN_INFINITE_RECURSION = YES;
				CLANG_WARN_INT_CONVERSION = YES;
				CLANG_WARN_NON_LITERAL_NULL_CONVERSION = YES;
				CLANG_WARN_OBJC_IMPLICIT_RETAIN_SELF = YES;
				CLANG_WARN_OBJC_LITERAL_CONVERSION = YES;
				CLANG_WARN_OBJC_ROOT_CLASS = YES_ERROR;
				CLANG_WARN_RANGE_LOOP_ANALYSIS = YES;
				CLANG_WARN_STRICT_PROTOTYPES = YES;
				CLANG_WARN_SUSPICIOUS_MOVE = YES;
				CLANG_WARN_UNGUARDED_AVAILABILITY = YES_AGGRESSIVE;
				CLANG_WARN_UNREACHABLE_CODE = YES;
				CLANG_WARN__DUPLICATE_METHOD_MATCH = YES;
				CODE_SIGN_IDENTITY = "iPhone Developer";
				COPY_PHASE_STRIP = NO;
				DEBUG_INFORMATION_FORMAT = dwarf;
				ENABLE_STRICT_OBJC_MSGSEND = YES;
				ENABLE_TESTABILITY = YES;
				GCC_C_LANGUAGE_STANDARD = gnu11;
				GCC_DYNAMIC_NO_PIC = NO;
				GCC_NO_COMMON_BLOCKS = YES;
				GCC_OPTIMIZATION_LEVEL = 0;
				GCC_PREPROCESSOR_DEFINITIONS = (
					"DEBUG=1",
					"$(inherited)",
				);
				GCC_WARN_64_TO_32_BIT_CONVERSION = YES;
				GCC_WARN_ABOUT_RETURN_TYPE = YES_ERROR;
				GCC_WARN_UNDECLARED_SELECTOR = YES;
				GCC_WARN_UNINITIALIZED_AUTOS = YES_AGGRESSIVE;
				GCC_WARN_UNUSED_FUNCTION = YES;
				GCC_WARN_UNUSED_VARIABLE = YES;
				IPHONEOS_DEPLOYMENT_TARGET = 12.0;
				MTL_ENABLE_DEBUG_INFO = INCLUDE_SOURCE;
				MTL_FAST_MATH = YES;
				ONLY_ACTIVE_ARCH = YES;
				SDKROOT = iphoneos;
				SWIFT_ACTIVE_COMPILATION_CONDITIONS = DEBUG;
				SWIFT_OPTIMIZATION_LEVEL = "-Onone";
			};
			name = Debug;
		};
		86517D54216CFCD700755E6B /* Release */ = {
			isa = XCBuildConfiguration;
			buildSettings = {
				ALWAYS_SEARCH_USER_PATHS = NO;
				CLANG_ANALYZER_NONNULL = YES;
				CLANG_ANALYZER_NUMBER_OBJECT_CONVERSION = YES_AGGRESSIVE;
				CLANG_CXX_LANGUAGE_STANDARD = "gnu++14";
				CLANG_CXX_LIBRARY = "libc++";
				CLANG_ENABLE_MODULES = YES;
				CLANG_ENABLE_OBJC_ARC = YES;
				CLANG_ENABLE_OBJC_WEAK = YES;
				CLANG_WARN_BLOCK_CAPTURE_AUTORELEASING = YES;
				CLANG_WARN_BOOL_CONVERSION = YES;
				CLANG_WARN_COMMA = YES;
				CLANG_WARN_CONSTANT_CONVERSION = YES;
				CLANG_WARN_DEPRECATED_OBJC_IMPLEMENTATIONS = YES;
				CLANG_WARN_DIRECT_OBJC_ISA_USAGE = YES_ERROR;
				CLANG_WARN_DOCUMENTATION_COMMENTS = YES;
				CLANG_WARN_EMPTY_BODY = YES;
				CLANG_WARN_ENUM_CONVERSION = YES;
				CLANG_WARN_INFINITE_RECURSION = YES;
				CLANG_WARN_INT_CONVERSION = YES;
				CLANG_WARN_NON_LITERAL_NULL_CONVERSION = YES;
				CLANG_WARN_OBJC_IMPLICIT_RETAIN_SELF = YES;
				CLANG_WARN_OBJC_LITERAL_CONVERSION = YES;
				CLANG_WARN_OBJC_ROOT_CLASS = YES_ERROR;
				CLANG_WARN_RANGE_LOOP_ANALYSIS = YES;
				CLANG_WARN_STRICT_PROTOTYPES = YES;
				CLANG_WARN_SUSPICIOUS_MOVE = YES;
				CLANG_WARN_UNGUARDED_AVAILABILITY = YES_AGGRESSIVE;
				CLANG_WARN_UNREACHABLE_CODE = YES;
				CLANG_WARN__DUPLICATE_METHOD_MATCH = YES;
				CODE_SIGN_IDENTITY = "iPhone Developer";
				COPY_PHASE_STRIP = NO;
				DEBUG_INFORMATION_FORMAT = "dwarf-with-dsym";
				ENABLE_NS_ASSERTIONS = NO;
				ENABLE_STRICT_OBJC_MSGSEND = YES;
				GCC_C_LANGUAGE_STANDARD = gnu11;
				GCC_NO_COMMON_BLOCKS = YES;
				GCC_WARN_64_TO_32_BIT_CONVERSION = YES;
				GCC_WARN_ABOUT_RETURN_TYPE = YES_ERROR;
				GCC_WARN_UNDECLARED_SELECTOR = YES;
				GCC_WARN_UNINITIALIZED_AUTOS = YES_AGGRESSIVE;
				GCC_WARN_UNUSED_FUNCTION = YES;
				GCC_WARN_UNUSED_VARIABLE = YES;
				IPHONEOS_DEPLOYMENT_TARGET = 12.0;
				MTL_ENABLE_DEBUG_INFO = NO;
				MTL_FAST_MATH = YES;
				SDKROOT = iphoneos;
				SWIFT_COMPILATION_MODE = wholemodule;
				SWIFT_OPTIMIZATION_LEVEL = "-O";
				VALIDATE_PRODUCT = YES;
			};
			name = Release;
		};
		86517D56216CFCD700755E6B /* Debug */ = {
			isa = XCBuildConfiguration;
			buildSettings = {
				ASSETCATALOG_COMPILER_APPICON_NAME = AppIcon;
				CODE_SIGN_STYLE = Automatic;
				INFOPLIST_FILE = guessingGameIOS/Info.plist;
				LD_RUNPATH_SEARCH_PATHS = (
					"$(inherited)",
					"@executable_path/Frameworks",
				);
				PRODUCT_BUNDLE_IDENTIFIER = com.jacobTassinari.guessingGameIOS;
				PRODUCT_NAME = "$(TARGET_NAME)";
				SWIFT_VERSION = 4.2;
				TARGETED_DEVICE_FAMILY = "1,2";
			};
			name = Debug;
		};
		86517D57216CFCD700755E6B /* Release */ = {
			isa = XCBuildConfiguration;
			buildSettings = {
				ASSETCATALOG_COMPILER_APPICON_NAME = AppIcon;
				CODE_SIGN_STYLE = Automatic;
				INFOPLIST_FILE = guessingGameIOS/Info.plist;
				LD_RUNPATH_SEARCH_PATHS = (
					"$(inherited)",
					"@executable_path/Frameworks",
				);
				PRODUCT_BUNDLE_IDENTIFIER = com.jacobTassinari.guessingGameIOS;
				PRODUCT_NAME = "$(TARGET_NAME)";
				SWIFT_VERSION = 4.2;
				TARGETED_DEVICE_FAMILY = "1,2";
			};
			name = Release;
		};
/* End XCBuildConfiguration section */

/* Begin XCConfigurationList section */
		86517D3E216CFCD500755E6B /* Build configuration list for PBXProject "guessingGameIOS" */ = {
			isa = XCConfigurationList;
			buildConfigurations = (
				86517D53216CFCD700755E6B /* Debug */,
				86517D54216CFCD700755E6B /* Release */,
			);
			defaultConfigurationIsVisible = 0;
			defaultConfigurationName = Release;
		};
		86517D55216CFCD700755E6B /* Build configuration list for PBXNativeTarget "guessingGameIOS" */ = {
			isa = XCConfigurationList;
			buildConfigurations = (
				86517D56216CFCD700755E6B /* Debug */,
				86517D57216CFCD700755E6B /* Release */,
			);
			defaultConfigurationIsVisible = 0;
			defaultConfigurationName = Release;
		};
/* End XCConfigurationList section */
	};
	rootObject = 86517D3B216CFCD500755E6B /* Project object */;
}
